
Microsoft Visual Studio Solution File, Format Version 12.00
# Visual Studio Version 17
VisualStudioVersion = 17.0.31919.166
MinimumVisualStudioVersion = 10.0.40219.1
Project("{9A19103F-16F7-4668-BE54-9A1E7A4F7556}") = "Tateti", "Tateti.csproj", "{83C395F9-2065-4953-B583-DA01F8A49AFE}"
EndProject
Project("{9A19103F-16F7-4668-BE54-9A1E7A4F7556}") = "ConsoleApp", "..\ConsoleApp\ConsoleApp.csproj", "{EDE68FD0-C36A-4C9D-A3A5-BBD5D53EAE2E}"
EndProject
Project("{FAE04EC0-301F-11D3-BF4B-00C04F79EFBC}") = "GUI", "..\GUI\GUI.csproj", "{BABAABFE-4612-492F-8386-5DD20C80963B}"
EndProject
Global
	GlobalSection(SolutionConfigurationPlatforms) = preSolution
		Debug|Any CPU = Debug|Any CPU
		Release|Any CPU = Release|Any CPU
	EndGlobalSection
	GlobalSection(ProjectConfigurationPlatforms) = postSolution
		{83C395F9-2065-4953-B583-DA01F8A49AFE}.Debug|Any CPU.ActiveCfg = Debug|Any CPU
		{83C395F9-2065-4953-B583-DA01F8A49AFE}.Debug|Any CPU.Build.0 = Debug|Any CPU
		{83C395F9-2065-4953-B583-DA01F8A49AFE}.Release|Any CPU.ActiveCfg = Release|Any CPU
		{83C395F9-2065-4953-B583-DA01F8A49AFE}.Release|Any CPU.Build.0 = Release|Any CPU
		{EDE68FD0-C36A-4C9D-A3A5-BBD5D53EAE2E}.Debug|Any CPU.ActiveCfg = Debug|Any CPU
		{EDE68FD0-C36A-4C9D-A3A5-BBD5D53EAE2E}.Debug|Any CPU.Build.0 = Debug|Any CPU
		{EDE68FD0-C36A-4C9D-A3A5-BBD5D53EAE2E}.Release|Any CPU.ActiveCfg = Release|Any CPU
		{EDE68FD0-C36A-4C9D-A3A5-BBD5D53EAE2E}.Release|Any CPU.Build.0 = Release|Any CPU
		{BABAABFE-4612-492F-8386-5DD20C80963B}.Debug|Any CPU.ActiveCfg = Debug|Any CPU
		{BABAABFE-4612-492F-8386-5DD20C80963B}.Debug|Any CPU.Build.0 = Debug|Any CPU
		{BABAABFE-4612-492F-8386-5DD20C80963B}.Release|Any CPU.ActiveCfg = Release|Any CPU
		{BABAABFE-4612-492F-8386-5DD20C80963B}.Release|Any CPU.Build.0 = Release|Any CPU
	EndGlobalSection
	GlobalSection(SolutionProperties) = preSolution
		HideSolutionNode = FALSE
	EndGlobalSection
	GlobalSection(ExtensibilityGlobals) = postSolution
		SolutionGuid = {ADD171B6-C899-42AB-AE73-53D99EBC6689}
	EndGlobalSection
EndGlobal
